# This file is automatically @generated by Cargo.
# It is not intended for manual editing.
version = 4

[[package]]
name = "_workspace-hack"
version = "0.1.0"

[[package]]
name = "add"
version = "0.1.0"

[[package]]
name = "config_loader"
version = "0.1.0"
dependencies = [
 "_workspace-hack",
]

[[package]]
name = "uuid_generator"
version = "0.1.0"
dependencies = [
 "_workspace-hack",
]
